
Microsoft Visual Studio Solution File, Format Version 12.00
# Visual Studio Version 16
VisualStudioVersion = 16.0.29009.5
MinimumVisualStudioVersion = 10.0.40219.1
Project("{FAE04EC0-301F-11D3-BF4B-00C04F79EFBC}") = "llvm2019", "llvm2019.csproj", "{89FDE99F-79D1-419B-8728-AF50ACE007D9}"
EndProject
Global
	GlobalSection(SolutionConfigurationPlatforms) = preSolution
		Debug|Any CPU = Debug|Any CPU
		Release|Any CPU = Release|Any CPU
	EndGlobalSection
	GlobalSection(ProjectConfigurationPlatforms) = postSolution
		{89FDE99F-79D1-419B-8728-AF50ACE007D9}.Debug|Any CPU.ActiveCfg = Debug|Any CPU
		{89FDE99F-79D1-419B-8728-AF50ACE007D9}.Debug|Any CPU.Build.0 = Debug|Any CPU
		{89FDE99F-79D1-419B-8728-AF50ACE007D9}.Release|Any CPU.ActiveCfg = Release|Any CPU
		{89FDE99F-79D1-419B-8728-AF50ACE007D9}.Release|Any CPU.Build.0 = Release|Any CPU
	EndGlobalSection
	GlobalSection(SolutionProperties) = preSolution
		HideSolutionNode = FALSE
	EndGlobalSection
	GlobalSection(ExtensibilityGlobals) = postSolution
		SolutionGuid = {382B0D3C-64A7-45D2-B81E-8DBE4EFD343E}
	EndGlobalSection
EndGlobal
